
Microsoft Visual Studio Solution File, Format Version 12.00
# Visual Studio 14
VisualStudioVersion = 14.0.25420.1
MinimumVisualStudioVersion = 10.0.40219.1
Project("{FAE04EC0-301F-11D3-BF4B-00C04F79EFBC}") = "MyDemoProyect public webside", "MyDemoProyect public webside\MyDemoProyect public webside.csproj", "{3D3364E8-C772-45C8-AB05-4322842E6716}"
EndProject
Project("{FAE04EC0-301F-11D3-BF4B-00C04F79EFBC}") = "MyProductsAdminsite", "MyProductsAdminsite\MyProductsAdminsite.csproj", "{089FEA61-570C-4D6F-BB79-5E7567D1A72A}"
EndProject
Project("{FAE04EC0-301F-11D3-BF4B-00C04F79EFBC}") = "UnitTestProject", "UnitTestProject\UnitTestProject.csproj", "{510BC0C0-7012-40D4-90CE-ECD8E01298FB}"
EndProject
Project("{FAE04EC0-301F-11D3-BF4B-00C04F79EFBC}") = "Myproduct.webApi", "Myproduct.webApi\Myproduct.webApi.csproj", "{CE412F8A-E986-4800-83CB-B1CE936A8D14}"
EndProject
Global
	GlobalSection(SolutionConfigurationPlatforms) = preSolution
		Debug|Any CPU = Debug|Any CPU
		Release|Any CPU = Release|Any CPU
	EndGlobalSection
	GlobalSection(ProjectConfigurationPlatforms) = postSolution
		{3D3364E8-C772-45C8-AB05-4322842E6716}.Debug|Any CPU.ActiveCfg = Debug|Any CPU
		{3D3364E8-C772-45C8-AB05-4322842E6716}.Debug|Any CPU.Build.0 = Debug|Any CPU
		{3D3364E8-C772-45C8-AB05-4322842E6716}.Release|Any CPU.ActiveCfg = Release|Any CPU
		{3D3364E8-C772-45C8-AB05-4322842E6716}.Release|Any CPU.Build.0 = Release|Any CPU
		{089FEA61-570C-4D6F-BB79-5E7567D1A72A}.Debug|Any CPU.ActiveCfg = Debug|Any CPU
		{089FEA61-570C-4D6F-BB79-5E7567D1A72A}.Debug|Any CPU.Build.0 = Debug|Any CPU
		{089FEA61-570C-4D6F-BB79-5E7567D1A72A}.Release|Any CPU.ActiveCfg = Release|Any CPU
		{089FEA61-570C-4D6F-BB79-5E7567D1A72A}.Release|Any CPU.Build.0 = Release|Any CPU
		{510BC0C0-7012-40D4-90CE-ECD8E01298FB}.Debug|Any CPU.ActiveCfg = Debug|Any CPU
		{510BC0C0-7012-40D4-90CE-ECD8E01298FB}.Debug|Any CPU.Build.0 = Debug|Any CPU
		{510BC0C0-7012-40D4-90CE-ECD8E01298FB}.Release|Any CPU.ActiveCfg = Release|Any CPU
		{510BC0C0-7012-40D4-90CE-ECD8E01298FB}.Release|Any CPU.Build.0 = Release|Any CPU
		{CE412F8A-E986-4800-83CB-B1CE936A8D14}.Debug|Any CPU.ActiveCfg = Debug|Any CPU
		{CE412F8A-E986-4800-83CB-B1CE936A8D14}.Debug|Any CPU.Build.0 = Debug|Any CPU
		{CE412F8A-E986-4800-83CB-B1CE936A8D14}.Release|Any CPU.ActiveCfg = Release|Any CPU
		{CE412F8A-E986-4800-83CB-B1CE936A8D14}.Release|Any CPU.Build.0 = Release|Any CPU
	EndGlobalSection
	GlobalSection(SolutionProperties) = preSolution
		HideSolutionNode = FALSE
	EndGlobalSection
EndGlobal
